// !$*UTF8*$!
{
	archiveVersion = 1;
	classes = {
	};
	objectVersion = 56;
	objects = {

/* Begin PBXBuildFile section */
		441EFEEC48F67BFC01CA63E2 /* Pods_FitNotes.framework in Frameworks */ = {isa = PBXBuildFile; fileRef = 69EE9DC6967C984357068324 /* Pods_FitNotes.framework */; };
		D951D82F2A4A2BBC00D22678 /* AppDelegate.swift in Sources */ = {isa = PBXBuildFile; fileRef = D951D82E2A4A2BBC00D22678 /* AppDelegate.swift */; };
		D951D8312A4A2BBC00D22678 /* SceneDelegate.swift in Sources */ = {isa = PBXBuildFile; fileRef = D951D8302A4A2BBC00D22678 /* SceneDelegate.swift */; };
		D951D8382A4A2BBD00D22678 /* Assets.xcassets in Resources */ = {isa = PBXBuildFile; fileRef = D951D8372A4A2BBD00D22678 /* Assets.xcassets */; };
		D951D83B2A4A2BBD00D22678 /* LaunchScreen.storyboard in Resources */ = {isa = PBXBuildFile; fileRef = D951D8392A4A2BBD00D22678 /* LaunchScreen.storyboard */; };
		D951D8432A4A2F3800D22678 /* MainViewController.swift in Sources */ = {isa = PBXBuildFile; fileRef = D951D8422A4A2F3800D22678 /* MainViewController.swift */; };
		D951D8452A4A34F000D22678 /* CalendarCell.swift in Sources */ = {isa = PBXBuildFile; fileRef = D951D8442A4A34F000D22678 /* CalendarCell.swift */; };
		D951D8472A4A35DB00D22678 /* CalendarViewModel.swift in Sources */ = {isa = PBXBuildFile; fileRef = D951D8462A4A35DB00D22678 /* CalendarViewModel.swift */; };
		D951D8492A4A5FAD00D22678 /* ScreensViewController.swift in Sources */ = {isa = PBXBuildFile; fileRef = D951D8482A4A5FAD00D22678 /* ScreensViewController.swift */; };
		D951D84B2A4A608000D22678 /* UIViewController+Utils.swift in Sources */ = {isa = PBXBuildFile; fileRef = D951D84A2A4A608000D22678 /* UIViewController+Utils.swift */; };
		D951D84D2A4AC94600D22678 /* Resources.swift in Sources */ = {isa = PBXBuildFile; fileRef = D951D84C2A4AC94600D22678 /* Resources.swift */; };
		D951D8542A4B0A2A00D22678 /* ExerciseViewController.swift in Sources */ = {isa = PBXBuildFile; fileRef = D951D8532A4B0A2A00D22678 /* ExerciseViewController.swift */; };
		D951D8562A4B15C600D22678 /* UITextField+Utils.swift in Sources */ = {isa = PBXBuildFile; fileRef = D951D8552A4B15C600D22678 /* UITextField+Utils.swift */; };
		D951D85A2A4E0D0600D22678 /* GoogleService-Info.plist in Resources */ = {isa = PBXBuildFile; fileRef = D951D8592A4E0D0600D22678 /* GoogleService-Info.plist */; };
		D953DCB22A4E1A4D00E841A0 /* DatabaseManager.swift in Sources */ = {isa = PBXBuildFile; fileRef = D953DCB12A4E1A4D00E841A0 /* DatabaseManager.swift */; };
		D9AA4B112A4E413900E68FF8 /* Date+Utils.swift in Sources */ = {isa = PBXBuildFile; fileRef = D9AA4B102A4E413900E68FF8 /* Date+Utils.swift */; };
		D9AA4B132A4EDD2300E68FF8 /* ExerciseViewModel.swift in Sources */ = {isa = PBXBuildFile; fileRef = D9AA4B122A4EDD2300E68FF8 /* ExerciseViewModel.swift */; };
		D9AA4B152A4EEDED00E68FF8 /* ObservableObject.swift in Sources */ = {isa = PBXBuildFile; fileRef = D9AA4B142A4EEDED00E68FF8 /* ObservableObject.swift */; };
		D9AA4B1A2A4FA47F00E68FF8 /* Exercise.swift in Sources */ = {isa = PBXBuildFile; fileRef = D9AA4B192A4FA47F00E68FF8 /* Exercise.swift */; };
/* End PBXBuildFile section */

/* Begin PBXFileReference section */
		69EE9DC6967C984357068324 /* Pods_FitNotes.framework */ = {isa = PBXFileReference; explicitFileType = wrapper.framework; includeInIndex = 0; path = Pods_FitNotes.framework; sourceTree = BUILT_PRODUCTS_DIR; };
		6CCD54F822EBD7688F15D022 /* Pods-FitNotes.release.xcconfig */ = {isa = PBXFileReference; includeInIndex = 1; lastKnownFileType = text.xcconfig; name = "Pods-FitNotes.release.xcconfig"; path = "Target Support Files/Pods-FitNotes/Pods-FitNotes.release.xcconfig"; sourceTree = "<group>"; };
		C6AF0C0167BD9E41D4CE12F0 /* Pods-FitNotes.debug.xcconfig */ = {isa = PBXFileReference; includeInIndex = 1; lastKnownFileType = text.xcconfig; name = "Pods-FitNotes.debug.xcconfig"; path = "Target Support Files/Pods-FitNotes/Pods-FitNotes.debug.xcconfig"; sourceTree = "<group>"; };
		D951D82B2A4A2BBC00D22678 /* FitNotes.app */ = {isa = PBXFileReference; explicitFileType = wrapper.application; includeInIndex = 0; path = FitNotes.app; sourceTree = BUILT_PRODUCTS_DIR; };
		D951D82E2A4A2BBC00D22678 /* AppDelegate.swift */ = {isa = PBXFileReference; lastKnownFileType = sourcecode.swift; path = AppDelegate.swift; sourceTree = "<group>"; };
		D951D8302A4A2BBC00D22678 /* SceneDelegate.swift */ = {isa = PBXFileReference; lastKnownFileType = sourcecode.swift; path = SceneDelegate.swift; sourceTree = "<group>"; };
		D951D8372A4A2BBD00D22678 /* Assets.xcassets */ = {isa = PBXFileReference; lastKnownFileType = folder.assetcatalog; path = Assets.xcassets; sourceTree = "<group>"; };
		D951D83A2A4A2BBD00D22678 /* Base */ = {isa = PBXFileReference; lastKnownFileType = file.storyboard; name = Base; path = Base.lproj/LaunchScreen.storyboard; sourceTree = "<group>"; };
		D951D83C2A4A2BBD00D22678 /* Info.plist */ = {isa = PBXFileReference; lastKnownFileType = text.plist.xml; path = Info.plist; sourceTree = "<group>"; };
		D951D8422A4A2F3800D22678 /* MainViewController.swift */ = {isa = PBXFileReference; lastKnownFileType = sourcecode.swift; path = MainViewController.swift; sourceTree = "<group>"; };
		D951D8442A4A34F000D22678 /* CalendarCell.swift */ = {isa = PBXFileReference; lastKnownFileType = sourcecode.swift; path = CalendarCell.swift; sourceTree = "<group>"; };
		D951D8462A4A35DB00D22678 /* CalendarViewModel.swift */ = {isa = PBXFileReference; lastKnownFileType = sourcecode.swift; path = CalendarViewModel.swift; sourceTree = "<group>"; };
		D951D8482A4A5FAD00D22678 /* ScreensViewController.swift */ = {isa = PBXFileReference; lastKnownFileType = sourcecode.swift; path = ScreensViewController.swift; sourceTree = "<group>"; };
		D951D84A2A4A608000D22678 /* UIViewController+Utils.swift */ = {isa = PBXFileReference; lastKnownFileType = sourcecode.swift; path = "UIViewController+Utils.swift"; sourceTree = "<group>"; };
		D951D84C2A4AC94600D22678 /* Resources.swift */ = {isa = PBXFileReference; lastKnownFileType = sourcecode.swift; path = Resources.swift; sourceTree = "<group>"; };
		D951D8532A4B0A2A00D22678 /* ExerciseViewController.swift */ = {isa = PBXFileReference; lastKnownFileType = sourcecode.swift; path = ExerciseViewController.swift; sourceTree = "<group>"; };
		D951D8552A4B15C600D22678 /* UITextField+Utils.swift */ = {isa = PBXFileReference; lastKnownFileType = sourcecode.swift; path = "UITextField+Utils.swift"; sourceTree = "<group>"; };
		D951D8592A4E0D0600D22678 /* GoogleService-Info.plist */ = {isa = PBXFileReference; fileEncoding = 4; lastKnownFileType = text.plist.xml; path = "GoogleService-Info.plist"; sourceTree = "<group>"; };
		D953DCB12A4E1A4D00E841A0 /* DatabaseManager.swift */ = {isa = PBXFileReference; lastKnownFileType = sourcecode.swift; path = DatabaseManager.swift; sourceTree = "<group>"; };
		D9AA4B102A4E413900E68FF8 /* Date+Utils.swift */ = {isa = PBXFileReference; lastKnownFileType = sourcecode.swift; path = "Date+Utils.swift"; sourceTree = "<group>"; };
		D9AA4B122A4EDD2300E68FF8 /* ExerciseViewModel.swift */ = {isa = PBXFileReference; lastKnownFileType = sourcecode.swift; path = ExerciseViewModel.swift; sourceTree = "<group>"; };
		D9AA4B142A4EEDED00E68FF8 /* ObservableObject.swift */ = {isa = PBXFileReference; lastKnownFileType = sourcecode.swift; path = ObservableObject.swift; sourceTree = "<group>"; };
		D9AA4B192A4FA47F00E68FF8 /* Exercise.swift */ = {isa = PBXFileReference; lastKnownFileType = sourcecode.swift; path = Exercise.swift; sourceTree = "<group>"; };
/* End PBXFileReference section */

/* Begin PBXFrameworksBuildPhase section */
		D951D8282A4A2BBC00D22678 /* Frameworks */ = {
			isa = PBXFrameworksBuildPhase;
			buildActionMask = 2147483647;
			files = (
				441EFEEC48F67BFC01CA63E2 /* Pods_FitNotes.framework in Frameworks */,
			);
			runOnlyForDeploymentPostprocessing = 0;
		};
/* End PBXFrameworksBuildPhase section */

/* Begin PBXGroup section */
		104E5D62DD93F5292148734C /* Pods */ = {
			isa = PBXGroup;
			children = (
				C6AF0C0167BD9E41D4CE12F0 /* Pods-FitNotes.debug.xcconfig */,
				6CCD54F822EBD7688F15D022 /* Pods-FitNotes.release.xcconfig */,
			);
			path = Pods;
			sourceTree = "<group>";
		};
		6EF2C091CE955F06E6FA8CA1 /* Frameworks */ = {
			isa = PBXGroup;
			children = (
				69EE9DC6967C984357068324 /* Pods_FitNotes.framework */,
			);
			name = Frameworks;
			sourceTree = "<group>";
		};
		D951D8222A4A2BBB00D22678 = {
			isa = PBXGroup;
			children = (
				D951D82D2A4A2BBC00D22678 /* FitNotes */,
				D951D82C2A4A2BBC00D22678 /* Products */,
				104E5D62DD93F5292148734C /* Pods */,
				6EF2C091CE955F06E6FA8CA1 /* Frameworks */,
			);
			sourceTree = "<group>";
		};
		D951D82C2A4A2BBC00D22678 /* Products */ = {
			isa = PBXGroup;
			children = (
				D951D82B2A4A2BBC00D22678 /* FitNotes.app */,
			);
			name = Products;
			sourceTree = "<group>";
		};
		D951D82D2A4A2BBC00D22678 /* FitNotes */ = {
			isa = PBXGroup;
			children = (
				D9AA4B182A4FA46B00E68FF8 /* Models */,
				D951D8522A4AE15D00D22678 /* Utils */,
				D951D8512A4AE14000D22678 /* ViewModels */,
				D951D8502A4AE12100D22678 /* Views */,
				D951D82E2A4A2BBC00D22678 /* AppDelegate.swift */,
				D951D8302A4A2BBC00D22678 /* SceneDelegate.swift */,
				D951D8372A4A2BBD00D22678 /* Assets.xcassets */,
				D951D8392A4A2BBD00D22678 /* LaunchScreen.storyboard */,
				D951D83C2A4A2BBD00D22678 /* Info.plist */,
				D951D8592A4E0D0600D22678 /* GoogleService-Info.plist */,
				D951D8482A4A5FAD00D22678 /* ScreensViewController.swift */,
				D951D84C2A4AC94600D22678 /* Resources.swift */,
				D953DCB12A4E1A4D00E841A0 /* DatabaseManager.swift */,
				D9AA4B142A4EEDED00E68FF8 /* ObservableObject.swift */,
			);
			path = FitNotes;
			sourceTree = "<group>";
		};
		D951D8502A4AE12100D22678 /* Views */ = {
			isa = PBXGroup;
			children = (
				D951D8422A4A2F3800D22678 /* MainViewController.swift */,
				D951D8442A4A34F000D22678 /* CalendarCell.swift */,
				D951D8532A4B0A2A00D22678 /* ExerciseViewController.swift */,
			);
			path = Views;
			sourceTree = "<group>";
		};
		D951D8512A4AE14000D22678 /* ViewModels */ = {
			isa = PBXGroup;
			children = (
				D951D8462A4A35DB00D22678 /* CalendarViewModel.swift */,
				D9AA4B122A4EDD2300E68FF8 /* ExerciseViewModel.swift */,
			);
			path = ViewModels;
			sourceTree = "<group>";
		};
		D951D8522A4AE15D00D22678 /* Utils */ = {
			isa = PBXGroup;
			children = (
				D951D84A2A4A608000D22678 /* UIViewController+Utils.swift */,
				D951D8552A4B15C600D22678 /* UITextField+Utils.swift */,
				D9AA4B102A4E413900E68FF8 /* Date+Utils.swift */,
			);
			path = Utils;
			sourceTree = "<group>";
		};
		D9AA4B182A4FA46B00E68FF8 /* Models */ = {
			isa = PBXGroup;
			children = (
				D9AA4B192A4FA47F00E68FF8 /* Exercise.swift */,
			);
			path = Models;
			sourceTree = "<group>";
		};
/* End PBXGroup section */

/* Begin PBXNativeTarget section */
		D951D82A2A4A2BBC00D22678 /* FitNotes */ = {
			isa = PBXNativeTarget;
			buildConfigurationList = D951D83F2A4A2BBD00D22678 /* Build configuration list for PBXNativeTarget "FitNotes" */;
			buildPhases = (
				ABDF24FADDD86833928D19D6 /* [CP] Check Pods Manifest.lock */,
				D951D8272A4A2BBC00D22678 /* Sources */,
				D951D8282A4A2BBC00D22678 /* Frameworks */,
				D951D8292A4A2BBC00D22678 /* Resources */,
				AA1FCBAC43E574A4DC39B9DB /* [CP] Embed Pods Frameworks */,
			);
			buildRules = (
			);
			dependencies = (
			);
			name = FitNotes;
			productName = FitNotes;
			productReference = D951D82B2A4A2BBC00D22678 /* FitNotes.app */;
			productType = "com.apple.product-type.application";
		};
/* End PBXNativeTarget section */

/* Begin PBXProject section */
		D951D8232A4A2BBB00D22678 /* Project object */ = {
			isa = PBXProject;
			attributes = {
				BuildIndependentTargetsInParallel = 1;
				LastSwiftUpdateCheck = 1420;
				LastUpgradeCheck = 1420;
				TargetAttributes = {
					D951D82A2A4A2BBC00D22678 = {
						CreatedOnToolsVersion = 14.2;
					};
				};
			};
			buildConfigurationList = D951D8262A4A2BBB00D22678 /* Build configuration list for PBXProject "FitNotes" */;
			compatibilityVersion = "Xcode 14.0";
			developmentRegion = en;
			hasScannedForEncodings = 0;
			knownRegions = (
				en,
				Base,
			);
			mainGroup = D951D8222A4A2BBB00D22678;
			productRefGroup = D951D82C2A4A2BBC00D22678 /* Products */;
			projectDirPath = "";
			projectRoot = "";
			targets = (
				D951D82A2A4A2BBC00D22678 /* FitNotes */,
			);
		};
/* End PBXProject section */

/* Begin PBXResourcesBuildPhase section */
		D951D8292A4A2BBC00D22678 /* Resources */ = {
			isa = PBXResourcesBuildPhase;
			buildActionMask = 2147483647;
			files = (
				D951D83B2A4A2BBD00D22678 /* LaunchScreen.storyboard in Resources */,
				D951D8382A4A2BBD00D22678 /* Assets.xcassets in Resources */,
				D951D85A2A4E0D0600D22678 /* GoogleService-Info.plist in Resources */,
			);
			runOnlyForDeploymentPostprocessing = 0;
		};
/* End PBXResourcesBuildPhase section */

/* Begin PBXShellScriptBuildPhase section */
		AA1FCBAC43E574A4DC39B9DB /* [CP] Embed Pods Frameworks */ = {
			isa = PBXShellScriptBuildPhase;
			buildActionMask = 2147483647;
			files = (
			);
			inputFileListPaths = (
				"${PODS_ROOT}/Target Support Files/Pods-FitNotes/Pods-FitNotes-frameworks-${CONFIGURATION}-input-files.xcfilelist",
			);
			name = "[CP] Embed Pods Frameworks";
			outputFileListPaths = (
				"${PODS_ROOT}/Target Support Files/Pods-FitNotes/Pods-FitNotes-frameworks-${CONFIGURATION}-output-files.xcfilelist",
			);
			runOnlyForDeploymentPostprocessing = 0;
			shellPath = /bin/sh;
			shellScript = "\"${PODS_ROOT}/Target Support Files/Pods-FitNotes/Pods-FitNotes-frameworks.sh\"\n";
			showEnvVarsInLog = 0;
		};
		ABDF24FADDD86833928D19D6 /* [CP] Check Pods Manifest.lock */ = {
			isa = PBXShellScriptBuildPhase;
			buildActionMask = 2147483647;
			files = (
			);
			inputFileListPaths = (
			);
			inputPaths = (
				"${PODS_PODFILE_DIR_PATH}/Podfile.lock",
				"${PODS_ROOT}/Manifest.lock",
			);
			name = "[CP] Check Pods Manifest.lock";
			outputFileListPaths = (
			);
			outputPaths = (
				"$(DERIVED_FILE_DIR)/Pods-FitNotes-checkManifestLockResult.txt",
			);
			runOnlyForDeploymentPostprocessing = 0;
			shellPath = /bin/sh;
			shellScript = "diff \"${PODS_PODFILE_DIR_PATH}/Podfile.lock\" \"${PODS_ROOT}/Manifest.lock\" > /dev/null\nif [ $? != 0 ] ; then\n    # print error to STDERR\n    echo \"error: The sandbox is not in sync with the Podfile.lock. Run 'pod install' or update your CocoaPods installation.\" >&2\n    exit 1\nfi\n# This output is used by Xcode 'outputs' to avoid re-running this script phase.\necho \"SUCCESS\" > \"${SCRIPT_OUTPUT_FILE_0}\"\n";
			showEnvVarsInLog = 0;
		};
/* End PBXShellScriptBuildPhase section */

/* Begin PBXSourcesBuildPhase section */
		D951D8272A4A2BBC00D22678 /* Sources */ = {
			isa = PBXSourcesBuildPhase;
			buildActionMask = 2147483647;
			files = (
				D951D82F2A4A2BBC00D22678 /* AppDelegate.swift in Sources */,
				D9AA4B112A4E413900E68FF8 /* Date+Utils.swift in Sources */,
				D953DCB22A4E1A4D00E841A0 /* DatabaseManager.swift in Sources */,
				D951D8312A4A2BBC00D22678 /* SceneDelegate.swift in Sources */,
				D951D84B2A4A608000D22678 /* UIViewController+Utils.swift in Sources */,
				D9AA4B1A2A4FA47F00E68FF8 /* Exercise.swift in Sources */,
				D951D8492A4A5FAD00D22678 /* ScreensViewController.swift in Sources */,
				D9AA4B132A4EDD2300E68FF8 /* ExerciseViewModel.swift in Sources */,
				D951D8432A4A2F3800D22678 /* MainViewController.swift in Sources */,
				D951D8562A4B15C600D22678 /* UITextField+Utils.swift in Sources */,
				D951D84D2A4AC94600D22678 /* Resources.swift in Sources */,
				D951D8452A4A34F000D22678 /* CalendarCell.swift in Sources */,
				D9AA4B152A4EEDED00E68FF8 /* ObservableObject.swift in Sources */,
				D951D8542A4B0A2A00D22678 /* ExerciseViewController.swift in Sources */,
				D951D8472A4A35DB00D22678 /* CalendarViewModel.swift in Sources */,
			);
			runOnlyForDeploymentPostprocessing = 0;
		};
/* End PBXSourcesBuildPhase section */

/* Begin PBXVariantGroup section */
		D951D8392A4A2BBD00D22678 /* LaunchScreen.storyboard */ = {
			isa = PBXVariantGroup;
			children = (
				D951D83A2A4A2BBD00D22678 /* Base */,
			);
			name = LaunchScreen.storyboard;
			sourceTree = "<group>";
		};
/* End PBXVariantGroup section */

/* Begin XCBuildConfiguration section */
		D951D83D2A4A2BBD00D22678 /* Debug */ = {
			isa = XCBuildConfiguration;
			buildSettings = {
				ALWAYS_SEARCH_USER_PATHS = NO;
				CLANG_ANALYZER_NONNULL = YES;
				CLANG_ANALYZER_NUMBER_OBJECT_CONVERSION = YES_AGGRESSIVE;
				CLANG_CXX_LANGUAGE_STANDARD = "gnu++20";
				CLANG_ENABLE_MODULES = YES;
				CLANG_ENABLE_OBJC_ARC = YES;
				CLANG_ENABLE_OBJC_WEAK = YES;
				CLANG_WARN_BLOCK_CAPTURE_AUTORELEASING = YES;
				CLANG_WARN_BOOL_CONVERSION = YES;
				CLANG_WARN_COMMA = YES;
				CLANG_WARN_CONSTANT_CONVERSION = YES;
				CLANG_WARN_DEPRECATED_OBJC_IMPLEMENTATIONS = YES;
				CLANG_WARN_DIRECT_OBJC_ISA_USAGE = YES_ERROR;
				CLANG_WARN_DOCUMENTATION_COMMENTS = YES;
				CLANG_WARN_EMPTY_BODY = YES;
				CLANG_WARN_ENUM_CONVERSION = YES;
				CLANG_WARN_INFINITE_RECURSION = YES;
				CLANG_WARN_INT_CONVERSION = YES;
				CLANG_WARN_NON_LITERAL_NULL_CONVERSION = YES;
				CLANG_WARN_OBJC_IMPLICIT_RETAIN_SELF = YES;
				CLANG_WARN_OBJC_LITERAL_CONVERSION = YES;
				CLANG_WARN_OBJC_ROOT_CLASS = YES_ERROR;
				CLANG_WARN_QUOTED_INCLUDE_IN_FRAMEWORK_HEADER = YES;
				CLANG_WARN_RANGE_LOOP_ANALYSIS = YES;
				CLANG_WARN_STRICT_PROTOTYPES = YES;
				CLANG_WARN_SUSPICIOUS_MOVE = YES;
				CLANG_WARN_UNGUARDED_AVAILABILITY = YES_AGGRESSIVE;
				CLANG_WARN_UNREACHABLE_CODE = YES;
				CLANG_WARN__DUPLICATE_METHOD_MATCH = YES;
				COPY_PHASE_STRIP = NO;
				DEBUG_INFORMATION_FORMAT = dwarf;
				ENABLE_STRICT_OBJC_MSGSEND = YES;
				ENABLE_TESTABILITY = YES;
				GCC_C_LANGUAGE_STANDARD = gnu11;
				GCC_DYNAMIC_NO_PIC = NO;
				GCC_NO_COMMON_BLOCKS = YES;
				GCC_OPTIMIZATION_LEVEL = 0;
				GCC_PREPROCESSOR_DEFINITIONS = (
					"DEBUG=1",
					"$(inherited)",
				);
				GCC_WARN_64_TO_32_BIT_CONVERSION = YES;
				GCC_WARN_ABOUT_RETURN_TYPE = YES_ERROR;
				GCC_WARN_UNDECLARED_SELECTOR = YES;
				GCC_WARN_UNINITIALIZED_AUTOS = YES_AGGRESSIVE;
				GCC_WARN_UNUSED_FUNCTION = YES;
				GCC_WARN_UNUSED_VARIABLE = YES;
				IPHONEOS_DEPLOYMENT_TARGET = 16.2;
				MTL_ENABLE_DEBUG_INFO = INCLUDE_SOURCE;
				MTL_FAST_MATH = YES;
				ONLY_ACTIVE_ARCH = YES;
				SDKROOT = iphoneos;
				SWIFT_ACTIVE_COMPILATION_CONDITIONS = DEBUG;
				SWIFT_OPTIMIZATION_LEVEL = "-Onone";
			};
			name = Debug;
		};
		D951D83E2A4A2BBD00D22678 /* Release */ = {
			isa = XCBuildConfiguration;
			buildSettings = {
				ALWAYS_SEARCH_USER_PATHS = NO;
				CLANG_ANALYZER_NONNULL = YES;
				CLANG_ANALYZER_NUMBER_OBJECT_CONVERSION = YES_AGGRESSIVE;
				CLANG_CXX_LANGUAGE_STANDARD = "gnu++20";
				CLANG_ENABLE_MODULES = YES;
				CLANG_ENABLE_OBJC_ARC = YES;
				CLANG_ENABLE_OBJC_WEAK = YES;
				CLANG_WARN_BLOCK_CAPTURE_AUTORELEASING = YES;
				CLANG_WARN_BOOL_CONVERSION = YES;
				CLANG_WARN_COMMA = YES;
				CLANG_WARN_CONSTANT_CONVERSION = YES;
				CLANG_WARN_DEPRECATED_OBJC_IMPLEMENTATIONS = YES;
				CLANG_WARN_DIRECT_OBJC_ISA_USAGE = YES_ERROR;
				CLANG_WARN_DOCUMENTATION_COMMENTS = YES;
				CLANG_WARN_EMPTY_BODY = YES;
				CLANG_WARN_ENUM_CONVERSION = YES;
				CLANG_WARN_INFINITE_RECURSION = YES;
				CLANG_WARN_INT_CONVERSION = YES;
				CLANG_WARN_NON_LITERAL_NULL_CONVERSION = YES;
				CLANG_WARN_OBJC_IMPLICIT_RETAIN_SELF = YES;
				CLANG_WARN_OBJC_LITERAL_CONVERSION = YES;
				CLANG_WARN_OBJC_ROOT_CLASS = YES_ERROR;
				CLANG_WARN_QUOTED_INCLUDE_IN_FRAMEWORK_HEADER = YES;
				CLANG_WARN_RANGE_LOOP_ANALYSIS = YES;
				CLANG_WARN_STRICT_PROTOTYPES = YES;
				CLANG_WARN_SUSPICIOUS_MOVE = YES;
				CLANG_WARN_UNGUARDED_AVAILABILITY = YES_AGGRESSIVE;
				CLANG_WARN_UNREACHABLE_CODE = YES;
				CLANG_WARN__DUPLICATE_METHOD_MATCH = YES;
				COPY_PHASE_STRIP = NO;
				DEBUG_INFORMATION_FORMAT = "dwarf-with-dsym";
				ENABLE_NS_ASSERTIONS = NO;
				ENABLE_STRICT_OBJC_MSGSEND = YES;
				GCC_C_LANGUAGE_STANDARD = gnu11;
				GCC_NO_COMMON_BLOCKS = YES;
				GCC_WARN_64_TO_32_BIT_CONVERSION = YES;
				GCC_WARN_ABOUT_RETURN_TYPE = YES_ERROR;
				GCC_WARN_UNDECLARED_SELECTOR = YES;
				GCC_WARN_UNINITIALIZED_AUTOS = YES_AGGRESSIVE;
				GCC_WARN_UNUSED_FUNCTION = YES;
				GCC_WARN_UNUSED_VARIABLE = YES;
				IPHONEOS_DEPLOYMENT_TARGET = 16.2;
				MTL_ENABLE_DEBUG_INFO = NO;
				MTL_FAST_MATH = YES;
				SDKROOT = iphoneos;
				SWIFT_COMPILATION_MODE = wholemodule;
				SWIFT_OPTIMIZATION_LEVEL = "-O";
				VALIDATE_PRODUCT = YES;
			};
			name = Release;
		};
		D951D8402A4A2BBD00D22678 /* Debug */ = {
			isa = XCBuildConfiguration;
			baseConfigurationReference = C6AF0C0167BD9E41D4CE12F0 /* Pods-FitNotes.debug.xcconfig */;
			buildSettings = {
				ASSETCATALOG_COMPILER_APPICON_NAME = AppIcon;
				ASSETCATALOG_COMPILER_GLOBAL_ACCENT_COLOR_NAME = AccentColor;
				CODE_SIGN_STYLE = Automatic;
				CURRENT_PROJECT_VERSION = 1;
				GENERATE_INFOPLIST_FILE = YES;
				INFOPLIST_FILE = FitNotes/Info.plist;
				INFOPLIST_KEY_UIApplicationSupportsIndirectInputEvents = YES;
				INFOPLIST_KEY_UILaunchStoryboardName = LaunchScreen;
				INFOPLIST_KEY_UISupportedInterfaceOrientations_iPad = "UIInterfaceOrientationPortrait UIInterfaceOrientationPortraitUpsideDown UIInterfaceOrientationLandscapeLeft UIInterfaceOrientationLandscapeRight";
				INFOPLIST_KEY_UISupportedInterfaceOrientations_iPhone = "UIInterfaceOrientationPortrait UIInterfaceOrientationLandscapeLeft UIInterfaceOrientationLandscapeRight";
				LD_RUNPATH_SEARCH_PATHS = (
					"$(inherited)",
					"@executable_path/Frameworks",
				);
				MARKETING_VERSION = 1.0;
				PRODUCT_BUNDLE_IDENTIFIER = com.app.FitNotes;
				PRODUCT_NAME = "$(TARGET_NAME)";
				SWIFT_EMIT_LOC_STRINGS = YES;
				SWIFT_VERSION = 5.0;
				TARGETED_DEVICE_FAMILY = "1,2";
			};
			name = Debug;
		};
		D951D8412A4A2BBD00D22678 /* Release */ = {
			isa = XCBuildConfiguration;
			baseConfigurationReference = 6CCD54F822EBD7688F15D022 /* Pods-FitNotes.release.xcconfig */;
			buildSettings = {
				ASSETCATALOG_COMPILER_APPICON_NAME = AppIcon;
				ASSETCATALOG_COMPILER_GLOBAL_ACCENT_COLOR_NAME = AccentColor;
				CODE_SIGN_STYLE = Automatic;
				CURRENT_PROJECT_VERSION = 1;
				GENERATE_INFOPLIST_FILE = YES;
				INFOPLIST_FILE = FitNotes/Info.plist;
				INFOPLIST_KEY_UIApplicationSupportsIndirectInputEvents = YES;
				INFOPLIST_KEY_UILaunchStoryboardName = LaunchScreen;
				INFOPLIST_KEY_UISupportedInterfaceOrientations_iPad = "UIInterfaceOrientationPortrait UIInterfaceOrientationPortraitUpsideDown UIInterfaceOrientationLandscapeLeft UIInterfaceOrientationLandscapeRight";
				INFOPLIST_KEY_UISupportedInterfaceOrientations_iPhone = "UIInterfaceOrientationPortrait UIInterfaceOrientationLandscapeLeft UIInterfaceOrientationLandscapeRight";
				LD_RUNPATH_SEARCH_PATHS = (
					"$(inherited)",
					"@executable_path/Frameworks",
				);
				MARKETING_VERSION = 1.0;
				PRODUCT_BUNDLE_IDENTIFIER = com.app.FitNotes;
				PRODUCT_NAME = "$(TARGET_NAME)";
				SWIFT_EMIT_LOC_STRINGS = YES;
				SWIFT_VERSION = 5.0;
				TARGETED_DEVICE_FAMILY = "1,2";
			};
			name = Release;
		};
/* End XCBuildConfiguration section */

/* Begin XCConfigurationList section */
		D951D8262A4A2BBB00D22678 /* Build configuration list for PBXProject "FitNotes" */ = {
			isa = XCConfigurationList;
			buildConfigurations = (
				D951D83D2A4A2BBD00D22678 /* Debug */,
				D951D83E2A4A2BBD00D22678 /* Release */,
			);
			defaultConfigurationIsVisible = 0;
			defaultConfigurationName = Release;
		};
		D951D83F2A4A2BBD00D22678 /* Build configuration list for PBXNativeTarget "FitNotes" */ = {
			isa = XCConfigurationList;
			buildConfigurations = (
				D951D8402A4A2BBD00D22678 /* Debug */,
				D951D8412A4A2BBD00D22678 /* Release */,
			);
			defaultConfigurationIsVisible = 0;
			defaultConfigurationName = Release;
		};
/* End XCConfigurationList section */
	};
	rootObject = D951D8232A4A2BBB00D22678 /* Project object */;
}
